
Microsoft Visual Studio Solution File, Format Version 12.00
# Visual Studio Version 17
VisualStudioVersion = 17.0.31912.275
MinimumVisualStudioVersion = 10.0.40219.1
Project("{FAE04EC0-301F-11D3-BF4B-00C04F79EFBC}") = "Negocio", "..\..\..\CampusVirtual\Negocio\Negocio.csproj", "{7EE1FD7B-2EE9-4375-98CF-501351CDC0B4}"
EndProject
Project("{FAE04EC0-301F-11D3-BF4B-00C04F79EFBC}") = "Datos", "..\..\..\CampusVirtual\Datos\Datos.csproj", "{C701AFD8-C4BE-4CB6-8F9B-32224E82D21F}"
EndProject
Project("{FAE04EC0-301F-11D3-BF4B-00C04F79EFBC}") = "Entidades", "..\..\..\CampusVirtual\Entidades\Entidades.csproj", "{AF626A25-1F51-4336-AF07-535359EA57B7}"
EndProject
Project("{2150E333-8FDC-42A3-9474-1A3956D46DE8}") = "Back", "Back", "{19E03450-E843-45C4-8CEA-3BA3D1651797}"
EndProject
Project("{2150E333-8FDC-42A3-9474-1A3956D46DE8}") = "Front", "Front", "{B1D35B4A-E3C7-4171-AE5A-8EE439716006}"
EndProject
Project("{2150E333-8FDC-42A3-9474-1A3956D46DE8}") = "UnitTest", "UnitTest", "{4BBC23ED-A119-4202-80E1-DEEF4A30C47A}"
EndProject
Project("{FAE04EC0-301F-11D3-BF4B-00C04F79EFBC}") = "OnePage", "..\..\..\CampusVirtual\OnePage\OnePage.csproj", "{A905BDF7-F688-4E0C-95CC-042DFA326EB0}"
EndProject
Project("{FAE04EC0-301F-11D3-BF4B-00C04F79EFBC}") = "WebApp", "..\..\..\CampusVirtual\WebApp\WebApp.csproj", "{F485EBD1-CBF8-46D4-B24A-7FF7E35332B9}"
EndProject
Project("{FAE04EC0-301F-11D3-BF4B-00C04F79EFBC}") = "PruebaUnitaria", "..\..\..\CampusVirtual\PruebaUnitaria\PruebaUnitaria.csproj", "{3AF32930-EDE7-4301-AE3A-1CEE17D8F580}"
EndProject
Project("{2150E333-8FDC-42A3-9474-1A3956D46DE8}") = "Auditoria", "Auditoria", "{8C2513A6-307D-4B7D-A693-F01FAB285CA9}"
	ProjectSection(SolutionItems) = preProject
		..\..\..\CampusVirtual\Entidades\Auditoria.cs = ..\..\..\CampusVirtual\Entidades\Auditoria.cs
		..\..\..\CampusVirtual\Negocio\Auditoria.cs = ..\..\..\CampusVirtual\Negocio\Auditoria.cs
		..\..\..\CampusVirtual\Datos\Auditorias.cs = ..\..\..\CampusVirtual\Datos\Auditorias.cs
		..\..\..\CampusVirtual\PruebaUnitaria\PruebaNegocioAuditoria.cs = ..\..\..\CampusVirtual\PruebaUnitaria\PruebaNegocioAuditoria.cs
	EndProjectSection
EndProject
Project("{2150E333-8FDC-42A3-9474-1A3956D46DE8}") = "Usuarios", "Usuarios", "{01EA4A81-4DFA-4962-A06D-681214F1381E}"
	ProjectSection(SolutionItems) = preProject
		..\..\..\CampusVirtual\PruebaUnitaria\PruebaUsuario.cs = ..\..\..\CampusVirtual\PruebaUnitaria\PruebaUsuario.cs
		..\..\..\CampusVirtual\Negocio\Usuario.cs = ..\..\..\CampusVirtual\Negocio\Usuario.cs
		..\..\..\CampusVirtual\Entidades\Usuario.cs = ..\..\..\CampusVirtual\Entidades\Usuario.cs
		..\..\..\CampusVirtual\Datos\Usuarios.cs = ..\..\..\CampusVirtual\Datos\Usuarios.cs
	EndProjectSection
EndProject
Global
	GlobalSection(SolutionConfigurationPlatforms) = preSolution
		Debug|Any CPU = Debug|Any CPU
		Release|Any CPU = Release|Any CPU
	EndGlobalSection
	GlobalSection(ProjectConfigurationPlatforms) = postSolution
		{7EE1FD7B-2EE9-4375-98CF-501351CDC0B4}.Debug|Any CPU.ActiveCfg = Debug|Any CPU
		{7EE1FD7B-2EE9-4375-98CF-501351CDC0B4}.Debug|Any CPU.Build.0 = Debug|Any CPU
		{7EE1FD7B-2EE9-4375-98CF-501351CDC0B4}.Release|Any CPU.ActiveCfg = Release|Any CPU
		{7EE1FD7B-2EE9-4375-98CF-501351CDC0B4}.Release|Any CPU.Build.0 = Release|Any CPU
		{C701AFD8-C4BE-4CB6-8F9B-32224E82D21F}.Debug|Any CPU.ActiveCfg = Debug|Any CPU
		{C701AFD8-C4BE-4CB6-8F9B-32224E82D21F}.Debug|Any CPU.Build.0 = Debug|Any CPU
		{C701AFD8-C4BE-4CB6-8F9B-32224E82D21F}.Release|Any CPU.ActiveCfg = Release|Any CPU
		{C701AFD8-C4BE-4CB6-8F9B-32224E82D21F}.Release|Any CPU.Build.0 = Release|Any CPU
		{AF626A25-1F51-4336-AF07-535359EA57B7}.Debug|Any CPU.ActiveCfg = Debug|Any CPU
		{AF626A25-1F51-4336-AF07-535359EA57B7}.Debug|Any CPU.Build.0 = Debug|Any CPU
		{AF626A25-1F51-4336-AF07-535359EA57B7}.Release|Any CPU.ActiveCfg = Release|Any CPU
		{AF626A25-1F51-4336-AF07-535359EA57B7}.Release|Any CPU.Build.0 = Release|Any CPU
		{A905BDF7-F688-4E0C-95CC-042DFA326EB0}.Debug|Any CPU.ActiveCfg = Debug|Any CPU
		{A905BDF7-F688-4E0C-95CC-042DFA326EB0}.Debug|Any CPU.Build.0 = Debug|Any CPU
		{A905BDF7-F688-4E0C-95CC-042DFA326EB0}.Release|Any CPU.ActiveCfg = Release|Any CPU
		{A905BDF7-F688-4E0C-95CC-042DFA326EB0}.Release|Any CPU.Build.0 = Release|Any CPU
		{F485EBD1-CBF8-46D4-B24A-7FF7E35332B9}.Debug|Any CPU.ActiveCfg = Debug|Any CPU
		{F485EBD1-CBF8-46D4-B24A-7FF7E35332B9}.Debug|Any CPU.Build.0 = Debug|Any CPU
		{F485EBD1-CBF8-46D4-B24A-7FF7E35332B9}.Release|Any CPU.ActiveCfg = Release|Any CPU
		{F485EBD1-CBF8-46D4-B24A-7FF7E35332B9}.Release|Any CPU.Build.0 = Release|Any CPU
		{3AF32930-EDE7-4301-AE3A-1CEE17D8F580}.Debug|Any CPU.ActiveCfg = Debug|Any CPU
		{3AF32930-EDE7-4301-AE3A-1CEE17D8F580}.Debug|Any CPU.Build.0 = Debug|Any CPU
		{3AF32930-EDE7-4301-AE3A-1CEE17D8F580}.Release|Any CPU.ActiveCfg = Release|Any CPU
		{3AF32930-EDE7-4301-AE3A-1CEE17D8F580}.Release|Any CPU.Build.0 = Release|Any CPU
	EndGlobalSection
	GlobalSection(SolutionProperties) = preSolution
		HideSolutionNode = FALSE
	EndGlobalSection
	GlobalSection(NestedProjects) = preSolution
		{7EE1FD7B-2EE9-4375-98CF-501351CDC0B4} = {19E03450-E843-45C4-8CEA-3BA3D1651797}
		{C701AFD8-C4BE-4CB6-8F9B-32224E82D21F} = {19E03450-E843-45C4-8CEA-3BA3D1651797}
		{AF626A25-1F51-4336-AF07-535359EA57B7} = {19E03450-E843-45C4-8CEA-3BA3D1651797}
		{A905BDF7-F688-4E0C-95CC-042DFA326EB0} = {B1D35B4A-E3C7-4171-AE5A-8EE439716006}
		{F485EBD1-CBF8-46D4-B24A-7FF7E35332B9} = {B1D35B4A-E3C7-4171-AE5A-8EE439716006}
		{3AF32930-EDE7-4301-AE3A-1CEE17D8F580} = {4BBC23ED-A119-4202-80E1-DEEF4A30C47A}
	EndGlobalSection
	GlobalSection(ExtensibilityGlobals) = postSolution
		SolutionGuid = {2E971B15-A6F2-45D8-92C9-74D38D8D9FEE}
	EndGlobalSection
EndGlobal
